
Microsoft Visual Studio Solution File, Format Version 12.00
# Visual Studio 2012
Project("{2150E333-8FDC-42A3-9474-1A3956D46DE8}") = "3 - Orchestration", "3 - Orchestration", "{15C39B1B-AB0C-4662-A51C-32462C81AAEA}"
EndProject
Project("{2150E333-8FDC-42A3-9474-1A3956D46DE8}") = "1 - PrincipesFondateurs", "1 - PrincipesFondateurs", "{96ABEC5C-CB65-40E1-BF7F-7ED380386F3D}"
EndProject
Project("{FAE04EC0-301F-11D3-BF4B-00C04F79EFBC}") = "SOLID", "PrincipesFondateurs\SOLID\SOLID.csproj", "{2F1A4929-445C-4C9F-9AED-DF806E60B85A}"
EndProject
Project("{2150E333-8FDC-42A3-9474-1A3956D46DE8}") = "2 - ConceptsUtiles", "2 - ConceptsUtiles", "{D1691171-5B48-47BE-84EA-20BB5B2E87E4}"
EndProject
Project("{FAE04EC0-301F-11D3-BF4B-00C04F79EFBC}") = "Templating", "PrincipesFondateurs\Templating\Templating.csproj", "{F26BB32E-3B9A-4D28-9F7A-1AED5135EABE}"
EndProject
Project("{FAE04EC0-301F-11D3-BF4B-00C04F79EFBC}") = "Tests", "PrincipesFondateurs\Tests\Tests.csproj", "{A01F23B5-01BA-46E0-8A6B-6E4BFC8FB8BC}"
EndProject
Project("{2150E333-8FDC-42A3-9474-1A3956D46DE8}") = "4 - DansLEnsemble", "4 - DansLEnsemble", "{4F2161E4-D9A4-4F9C-81AE-D1EA42ADF44F}"
EndProject
Project("{FAE04EC0-301F-11D3-BF4B-00C04F79EFBC}") = "ApplicationDeBase", "ConceptsUtiles\ApplicationDeBase\ApplicationDeBase.csproj", "{8A1E34E3-6525-46D8-AD88-147AF1E0C050}"
EndProject
Project("{FAE04EC0-301F-11D3-BF4B-00C04F79EFBC}") = "Templating", "ConceptsUtiles\Templating\Templating.csproj", "{880E4F46-A113-430D-8FFB-5652EB35C15A}"
EndProject
Project("{FAE04EC0-301F-11D3-BF4B-00C04F79EFBC}") = "Databind", "ConceptsUtiles\Databind\Databind.csproj", "{42B654DF-859B-4F86-AD8B-6AB242D0CB22}"
EndProject
Project("{FAE04EC0-301F-11D3-BF4B-00C04F79EFBC}") = "Dependency", "ConceptsUtiles\Dependency\Dependency.csproj", "{E430A833-5075-4DEB-AB13-4037B1FFF11C}"
EndProject
Project("{FAE04EC0-301F-11D3-BF4B-00C04F79EFBC}") = "Notify", "ConceptsUtiles\Notify\Notify.csproj", "{5955F439-C624-4636-B291-D70EF406BCFD}"
EndProject
Project("{FAE04EC0-301F-11D3-BF4B-00C04F79EFBC}") = "Observable", "ConceptsUtiles\Observable\Observable.csproj", "{A1EAE882-8AEC-4A02-9D6D-00BD260A9B2B}"
EndProject
Project("{2150E333-8FDC-42A3-9474-1A3956D46DE8}") = "FirstService", "FirstService", "{A2B23AE0-52A4-4D8F-B02B-7C850CF8AED3}"
EndProject
Project("{FAE04EC0-301F-11D3-BF4B-00C04F79EFBC}") = "ApplicationForTests", "PrincipesFondateurs\ApplicationForTests\ApplicationForTests.csproj", "{6BFB0279-EBEB-4E54-A7BD-5C0EB3697034}"
EndProject
Project("{FAE04EC0-301F-11D3-BF4B-00C04F79EFBC}") = "GlassPane", "ConceptsUtiles\GlassPane\GlassPane.csproj", "{45B64E3C-528C-4BC4-8FB5-864742FEC021}"
EndProject
Project("{FAE04EC0-301F-11D3-BF4B-00C04F79EFBC}") = "MessagingTest", "DansLEnsemble\Messaging\MessagingTest.csproj", "{D9C87C1A-ED1F-44D5-97DD-09F6D90799B0}"
EndProject
Project("{FAE04EC0-301F-11D3-BF4B-00C04F79EFBC}") = "DansLEnsemble", "DansLEnsemble\DansLEnsemble\DansLEnsemble.csproj", "{64F585A8-A94D-4240-AD02-ABE8DB0E11DD}"
EndProject
Project("{FAE04EC0-301F-11D3-BF4B-00C04F79EFBC}") = "Behaviors", "DansLEnsemble\Behaviors\Behaviors.csproj", "{460B726E-6E67-4197-8680-61DE5D9FFFF3}"
EndProject
Project("{FAE04EC0-301F-11D3-BF4B-00C04F79EFBC}") = "FirstService.UI", "Orchestration\FirstService.UI\FirstService.UI.csproj", "{FA1A2A96-B7E3-470F-B564-16313D54AB28}"
EndProject
Project("{FAE04EC0-301F-11D3-BF4B-00C04F79EFBC}") = "FirstService.Web", "Orchestration\FirstService.Web\FirstService.Web.csproj", "{6B2FB1FE-948C-4F42-80C7-A8F680BD14CE}"
EndProject
Project("{FAE04EC0-301F-11D3-BF4B-00C04F79EFBC}") = "BusinessIntelligence", "Orchestration\BusinessIntelligence\BusinessIntelligence.csproj", "{C117A4D8-7060-4C85-8066-A3A3C23B573D}"
EndProject
Project("{FAE04EC0-301F-11D3-BF4B-00C04F79EFBC}") = "FirstModel", "Orchestration\FirstModel\FirstModel.csproj", "{1906059F-8128-491D-AFB7-AF3621FF6132}"
EndProject
Project("{FAE04EC0-301F-11D3-BF4B-00C04F79EFBC}") = "ModelFirst", "Orchestration\ModelFirst\ModelFirst.csproj", "{67B0E4AC-7DB8-4C6A-8249-82637D0FC929}"
EndProject
Project("{FAE04EC0-301F-11D3-BF4B-00C04F79EFBC}") = "MultiVue", "Orchestration\MultiVue\MultiVue.csproj", "{ED5F4BB5-0C3A-47D0-9644-22B86A4C5CE7}"
EndProject
Project("{FAE04EC0-301F-11D3-BF4B-00C04F79EFBC}") = "Parallelisme", "Orchestration\Parallelisme\Parallelisme.csproj", "{077B5E46-C986-4309-AF7E-3F2ABC66B244}"
EndProject
Project("{FAE04EC0-301F-11D3-BF4B-00C04F79EFBC}") = "Tri", "Orchestration\Tri\Tri.csproj", "{1BD652DF-9121-4825-AD98-D27EE9C52BD6}"
EndProject
Project("{FAE04EC0-301F-11D3-BF4B-00C04F79EFBC}") = "TriRoleBased", "Orchestration\TriRoleBased\TriRoleBased.csproj", "{B18C81ED-E0E9-4CE2-BC97-916DA4528F70}"
EndProject
Project("{FAE04EC0-301F-11D3-BF4B-00C04F79EFBC}") = "Validation", "Orchestration\Validation\Validation.csproj", "{4F3B855C-18BE-4837-B127-8E0529194693}"
EndProject
Global
	GlobalSection(SolutionConfigurationPlatforms) = preSolution
		Debug|Any CPU = Debug|Any CPU
		Release|Any CPU = Release|Any CPU
	EndGlobalSection
	GlobalSection(ProjectConfigurationPlatforms) = postSolution
		{2F1A4929-445C-4C9F-9AED-DF806E60B85A}.Debug|Any CPU.ActiveCfg = Debug|Any CPU
		{2F1A4929-445C-4C9F-9AED-DF806E60B85A}.Debug|Any CPU.Build.0 = Debug|Any CPU
		{2F1A4929-445C-4C9F-9AED-DF806E60B85A}.Release|Any CPU.ActiveCfg = Release|Any CPU
		{2F1A4929-445C-4C9F-9AED-DF806E60B85A}.Release|Any CPU.Build.0 = Release|Any CPU
		{F26BB32E-3B9A-4D28-9F7A-1AED5135EABE}.Debug|Any CPU.ActiveCfg = Debug|Any CPU
		{F26BB32E-3B9A-4D28-9F7A-1AED5135EABE}.Debug|Any CPU.Build.0 = Debug|Any CPU
		{F26BB32E-3B9A-4D28-9F7A-1AED5135EABE}.Release|Any CPU.ActiveCfg = Release|Any CPU
		{F26BB32E-3B9A-4D28-9F7A-1AED5135EABE}.Release|Any CPU.Build.0 = Release|Any CPU
		{A01F23B5-01BA-46E0-8A6B-6E4BFC8FB8BC}.Debug|Any CPU.ActiveCfg = Debug|Any CPU
		{A01F23B5-01BA-46E0-8A6B-6E4BFC8FB8BC}.Debug|Any CPU.Build.0 = Debug|Any CPU
		{A01F23B5-01BA-46E0-8A6B-6E4BFC8FB8BC}.Release|Any CPU.ActiveCfg = Release|Any CPU
		{A01F23B5-01BA-46E0-8A6B-6E4BFC8FB8BC}.Release|Any CPU.Build.0 = Release|Any CPU
		{8A1E34E3-6525-46D8-AD88-147AF1E0C050}.Debug|Any CPU.ActiveCfg = Debug|Any CPU
		{8A1E34E3-6525-46D8-AD88-147AF1E0C050}.Debug|Any CPU.Build.0 = Debug|Any CPU
		{8A1E34E3-6525-46D8-AD88-147AF1E0C050}.Release|Any CPU.ActiveCfg = Release|Any CPU
		{8A1E34E3-6525-46D8-AD88-147AF1E0C050}.Release|Any CPU.Build.0 = Release|Any CPU
		{880E4F46-A113-430D-8FFB-5652EB35C15A}.Debug|Any CPU.ActiveCfg = Debug|Any CPU
		{880E4F46-A113-430D-8FFB-5652EB35C15A}.Debug|Any CPU.Build.0 = Debug|Any CPU
		{880E4F46-A113-430D-8FFB-5652EB35C15A}.Release|Any CPU.ActiveCfg = Release|Any CPU
		{880E4F46-A113-430D-8FFB-5652EB35C15A}.Release|Any CPU.Build.0 = Release|Any CPU
		{42B654DF-859B-4F86-AD8B-6AB242D0CB22}.Debug|Any CPU.ActiveCfg = Debug|Any CPU
		{42B654DF-859B-4F86-AD8B-6AB242D0CB22}.Debug|Any CPU.Build.0 = Debug|Any CPU
		{42B654DF-859B-4F86-AD8B-6AB242D0CB22}.Release|Any CPU.ActiveCfg = Release|Any CPU
		{42B654DF-859B-4F86-AD8B-6AB242D0CB22}.Release|Any CPU.Build.0 = Release|Any CPU
		{E430A833-5075-4DEB-AB13-4037B1FFF11C}.Debug|Any CPU.ActiveCfg = Debug|Any CPU
		{E430A833-5075-4DEB-AB13-4037B1FFF11C}.Debug|Any CPU.Build.0 = Debug|Any CPU
		{E430A833-5075-4DEB-AB13-4037B1FFF11C}.Release|Any CPU.ActiveCfg = Release|Any CPU
		{E430A833-5075-4DEB-AB13-4037B1FFF11C}.Release|Any CPU.Build.0 = Release|Any CPU
		{5955F439-C624-4636-B291-D70EF406BCFD}.Debug|Any CPU.ActiveCfg = Debug|Any CPU
		{5955F439-C624-4636-B291-D70EF406BCFD}.Debug|Any CPU.Build.0 = Debug|Any CPU
		{5955F439-C624-4636-B291-D70EF406BCFD}.Release|Any CPU.ActiveCfg = Release|Any CPU
		{5955F439-C624-4636-B291-D70EF406BCFD}.Release|Any CPU.Build.0 = Release|Any CPU
		{A1EAE882-8AEC-4A02-9D6D-00BD260A9B2B}.Debug|Any CPU.ActiveCfg = Debug|Any CPU
		{A1EAE882-8AEC-4A02-9D6D-00BD260A9B2B}.Debug|Any CPU.Build.0 = Debug|Any CPU
		{A1EAE882-8AEC-4A02-9D6D-00BD260A9B2B}.Release|Any CPU.ActiveCfg = Release|Any CPU
		{A1EAE882-8AEC-4A02-9D6D-00BD260A9B2B}.Release|Any CPU.Build.0 = Release|Any CPU
		{6BFB0279-EBEB-4E54-A7BD-5C0EB3697034}.Debug|Any CPU.ActiveCfg = Debug|Any CPU
		{6BFB0279-EBEB-4E54-A7BD-5C0EB3697034}.Debug|Any CPU.Build.0 = Debug|Any CPU
		{6BFB0279-EBEB-4E54-A7BD-5C0EB3697034}.Release|Any CPU.ActiveCfg = Release|Any CPU
		{6BFB0279-EBEB-4E54-A7BD-5C0EB3697034}.Release|Any CPU.Build.0 = Release|Any CPU
		{45B64E3C-528C-4BC4-8FB5-864742FEC021}.Debug|Any CPU.ActiveCfg = Debug|Any CPU
		{45B64E3C-528C-4BC4-8FB5-864742FEC021}.Debug|Any CPU.Build.0 = Debug|Any CPU
		{45B64E3C-528C-4BC4-8FB5-864742FEC021}.Release|Any CPU.ActiveCfg = Release|Any CPU
		{45B64E3C-528C-4BC4-8FB5-864742FEC021}.Release|Any CPU.Build.0 = Release|Any CPU
		{D9C87C1A-ED1F-44D5-97DD-09F6D90799B0}.Debug|Any CPU.ActiveCfg = Debug|Any CPU
		{D9C87C1A-ED1F-44D5-97DD-09F6D90799B0}.Debug|Any CPU.Build.0 = Debug|Any CPU
		{D9C87C1A-ED1F-44D5-97DD-09F6D90799B0}.Release|Any CPU.ActiveCfg = Release|Any CPU
		{D9C87C1A-ED1F-44D5-97DD-09F6D90799B0}.Release|Any CPU.Build.0 = Release|Any CPU
		{64F585A8-A94D-4240-AD02-ABE8DB0E11DD}.Debug|Any CPU.ActiveCfg = Debug|Any CPU
		{64F585A8-A94D-4240-AD02-ABE8DB0E11DD}.Debug|Any CPU.Build.0 = Debug|Any CPU
		{64F585A8-A94D-4240-AD02-ABE8DB0E11DD}.Release|Any CPU.ActiveCfg = Release|Any CPU
		{64F585A8-A94D-4240-AD02-ABE8DB0E11DD}.Release|Any CPU.Build.0 = Release|Any CPU
		{460B726E-6E67-4197-8680-61DE5D9FFFF3}.Debug|Any CPU.ActiveCfg = Debug|Any CPU
		{460B726E-6E67-4197-8680-61DE5D9FFFF3}.Debug|Any CPU.Build.0 = Debug|Any CPU
		{460B726E-6E67-4197-8680-61DE5D9FFFF3}.Release|Any CPU.ActiveCfg = Release|Any CPU
		{460B726E-6E67-4197-8680-61DE5D9FFFF3}.Release|Any CPU.Build.0 = Release|Any CPU
		{FA1A2A96-B7E3-470F-B564-16313D54AB28}.Debug|Any CPU.ActiveCfg = Debug|Any CPU
		{FA1A2A96-B7E3-470F-B564-16313D54AB28}.Debug|Any CPU.Build.0 = Debug|Any CPU
		{FA1A2A96-B7E3-470F-B564-16313D54AB28}.Release|Any CPU.ActiveCfg = Release|Any CPU
		{FA1A2A96-B7E3-470F-B564-16313D54AB28}.Release|Any CPU.Build.0 = Release|Any CPU
		{6B2FB1FE-948C-4F42-80C7-A8F680BD14CE}.Debug|Any CPU.ActiveCfg = Debug|Any CPU
		{6B2FB1FE-948C-4F42-80C7-A8F680BD14CE}.Debug|Any CPU.Build.0 = Debug|Any CPU
		{6B2FB1FE-948C-4F42-80C7-A8F680BD14CE}.Release|Any CPU.ActiveCfg = Release|Any CPU
		{6B2FB1FE-948C-4F42-80C7-A8F680BD14CE}.Release|Any CPU.Build.0 = Release|Any CPU
		{C117A4D8-7060-4C85-8066-A3A3C23B573D}.Debug|Any CPU.ActiveCfg = Debug|Any CPU
		{C117A4D8-7060-4C85-8066-A3A3C23B573D}.Debug|Any CPU.Build.0 = Debug|Any CPU
		{C117A4D8-7060-4C85-8066-A3A3C23B573D}.Release|Any CPU.ActiveCfg = Release|Any CPU
		{C117A4D8-7060-4C85-8066-A3A3C23B573D}.Release|Any CPU.Build.0 = Release|Any CPU
		{1906059F-8128-491D-AFB7-AF3621FF6132}.Debug|Any CPU.ActiveCfg = Debug|Any CPU
		{1906059F-8128-491D-AFB7-AF3621FF6132}.Debug|Any CPU.Build.0 = Debug|Any CPU
		{1906059F-8128-491D-AFB7-AF3621FF6132}.Release|Any CPU.ActiveCfg = Release|Any CPU
		{1906059F-8128-491D-AFB7-AF3621FF6132}.Release|Any CPU.Build.0 = Release|Any CPU
		{67B0E4AC-7DB8-4C6A-8249-82637D0FC929}.Debug|Any CPU.ActiveCfg = Debug|Any CPU
		{67B0E4AC-7DB8-4C6A-8249-82637D0FC929}.Debug|Any CPU.Build.0 = Debug|Any CPU
		{67B0E4AC-7DB8-4C6A-8249-82637D0FC929}.Release|Any CPU.ActiveCfg = Release|Any CPU
		{67B0E4AC-7DB8-4C6A-8249-82637D0FC929}.Release|Any CPU.Build.0 = Release|Any CPU
		{ED5F4BB5-0C3A-47D0-9644-22B86A4C5CE7}.Debug|Any CPU.ActiveCfg = Debug|Any CPU
		{ED5F4BB5-0C3A-47D0-9644-22B86A4C5CE7}.Debug|Any CPU.Build.0 = Debug|Any CPU
		{ED5F4BB5-0C3A-47D0-9644-22B86A4C5CE7}.Release|Any CPU.ActiveCfg = Release|Any CPU
		{ED5F4BB5-0C3A-47D0-9644-22B86A4C5CE7}.Release|Any CPU.Build.0 = Release|Any CPU
		{077B5E46-C986-4309-AF7E-3F2ABC66B244}.Debug|Any CPU.ActiveCfg = Debug|Any CPU
		{077B5E46-C986-4309-AF7E-3F2ABC66B244}.Debug|Any CPU.Build.0 = Debug|Any CPU
		{077B5E46-C986-4309-AF7E-3F2ABC66B244}.Release|Any CPU.ActiveCfg = Release|Any CPU
		{077B5E46-C986-4309-AF7E-3F2ABC66B244}.Release|Any CPU.Build.0 = Release|Any CPU
		{1BD652DF-9121-4825-AD98-D27EE9C52BD6}.Debug|Any CPU.ActiveCfg = Debug|Any CPU
		{1BD652DF-9121-4825-AD98-D27EE9C52BD6}.Debug|Any CPU.Build.0 = Debug|Any CPU
		{1BD652DF-9121-4825-AD98-D27EE9C52BD6}.Release|Any CPU.ActiveCfg = Release|Any CPU
		{1BD652DF-9121-4825-AD98-D27EE9C52BD6}.Release|Any CPU.Build.0 = Release|Any CPU
		{B18C81ED-E0E9-4CE2-BC97-916DA4528F70}.Debug|Any CPU.ActiveCfg = Debug|Any CPU
		{B18C81ED-E0E9-4CE2-BC97-916DA4528F70}.Debug|Any CPU.Build.0 = Debug|Any CPU
		{B18C81ED-E0E9-4CE2-BC97-916DA4528F70}.Release|Any CPU.ActiveCfg = Release|Any CPU
		{B18C81ED-E0E9-4CE2-BC97-916DA4528F70}.Release|Any CPU.Build.0 = Release|Any CPU
		{4F3B855C-18BE-4837-B127-8E0529194693}.Debug|Any CPU.ActiveCfg = Debug|Any CPU
		{4F3B855C-18BE-4837-B127-8E0529194693}.Debug|Any CPU.Build.0 = Debug|Any CPU
		{4F3B855C-18BE-4837-B127-8E0529194693}.Release|Any CPU.ActiveCfg = Release|Any CPU
		{4F3B855C-18BE-4837-B127-8E0529194693}.Release|Any CPU.Build.0 = Release|Any CPU
	EndGlobalSection
	GlobalSection(SolutionProperties) = preSolution
		HideSolutionNode = FALSE
	EndGlobalSection
	GlobalSection(NestedProjects) = preSolution
		{A2B23AE0-52A4-4D8F-B02B-7C850CF8AED3} = {15C39B1B-AB0C-4662-A51C-32462C81AAEA}
		{C117A4D8-7060-4C85-8066-A3A3C23B573D} = {15C39B1B-AB0C-4662-A51C-32462C81AAEA}
		{1906059F-8128-491D-AFB7-AF3621FF6132} = {15C39B1B-AB0C-4662-A51C-32462C81AAEA}
		{67B0E4AC-7DB8-4C6A-8249-82637D0FC929} = {15C39B1B-AB0C-4662-A51C-32462C81AAEA}
		{ED5F4BB5-0C3A-47D0-9644-22B86A4C5CE7} = {15C39B1B-AB0C-4662-A51C-32462C81AAEA}
		{077B5E46-C986-4309-AF7E-3F2ABC66B244} = {15C39B1B-AB0C-4662-A51C-32462C81AAEA}
		{1BD652DF-9121-4825-AD98-D27EE9C52BD6} = {15C39B1B-AB0C-4662-A51C-32462C81AAEA}
		{B18C81ED-E0E9-4CE2-BC97-916DA4528F70} = {15C39B1B-AB0C-4662-A51C-32462C81AAEA}
		{4F3B855C-18BE-4837-B127-8E0529194693} = {15C39B1B-AB0C-4662-A51C-32462C81AAEA}
		{2F1A4929-445C-4C9F-9AED-DF806E60B85A} = {96ABEC5C-CB65-40E1-BF7F-7ED380386F3D}
		{F26BB32E-3B9A-4D28-9F7A-1AED5135EABE} = {96ABEC5C-CB65-40E1-BF7F-7ED380386F3D}
		{A01F23B5-01BA-46E0-8A6B-6E4BFC8FB8BC} = {96ABEC5C-CB65-40E1-BF7F-7ED380386F3D}
		{6BFB0279-EBEB-4E54-A7BD-5C0EB3697034} = {96ABEC5C-CB65-40E1-BF7F-7ED380386F3D}
		{8A1E34E3-6525-46D8-AD88-147AF1E0C050} = {D1691171-5B48-47BE-84EA-20BB5B2E87E4}
		{880E4F46-A113-430D-8FFB-5652EB35C15A} = {D1691171-5B48-47BE-84EA-20BB5B2E87E4}
		{42B654DF-859B-4F86-AD8B-6AB242D0CB22} = {D1691171-5B48-47BE-84EA-20BB5B2E87E4}
		{E430A833-5075-4DEB-AB13-4037B1FFF11C} = {D1691171-5B48-47BE-84EA-20BB5B2E87E4}
		{5955F439-C624-4636-B291-D70EF406BCFD} = {D1691171-5B48-47BE-84EA-20BB5B2E87E4}
		{A1EAE882-8AEC-4A02-9D6D-00BD260A9B2B} = {D1691171-5B48-47BE-84EA-20BB5B2E87E4}
		{45B64E3C-528C-4BC4-8FB5-864742FEC021} = {D1691171-5B48-47BE-84EA-20BB5B2E87E4}
		{D9C87C1A-ED1F-44D5-97DD-09F6D90799B0} = {4F2161E4-D9A4-4F9C-81AE-D1EA42ADF44F}
		{64F585A8-A94D-4240-AD02-ABE8DB0E11DD} = {4F2161E4-D9A4-4F9C-81AE-D1EA42ADF44F}
		{460B726E-6E67-4197-8680-61DE5D9FFFF3} = {4F2161E4-D9A4-4F9C-81AE-D1EA42ADF44F}
		{FA1A2A96-B7E3-470F-B564-16313D54AB28} = {A2B23AE0-52A4-4D8F-B02B-7C850CF8AED3}
		{6B2FB1FE-948C-4F42-80C7-A8F680BD14CE} = {A2B23AE0-52A4-4D8F-B02B-7C850CF8AED3}
	EndGlobalSection
EndGlobal
